{
  "name": "glo-astn-tokenconsumer",
  "version": "0.15.0",
  "lockfileVersion": 3,
  "requires": true,
  "packages": {
    "": {
      "name": "glo-astn-tokenconsumer",
      "version": "0.15.0",
      "license": "TBD",
      "dependencies": {
        "pareto-core-types": "^0.16.2"
      }
    },
    "node_modules/pareto-core-types": {
      "version": "0.16.2",
      "resolved": "https://registry.npmjs.org/pareto-core-types/-/pareto-core-types-0.16.2.tgz",
      "integrity": "sha512-3rnXvi3vlt80nS/fhAqy0Z4+d7t+tv5vMgg1GwMjeAzqEACGoW+djaGHGoX4XajKO3sUPHG81+f6qJuG2BhK3A==",
      "license": "ISC"
    }
  }
}
